
Microsoft Visual Studio Solution File, Format Version 12.00
# Visual Studio Version 17
VisualStudioVersion = 17.5.33414.496
MinimumVisualStudioVersion = 10.0.40219.1
Project("{FAE04EC0-301F-11D3-BF4B-00C04F79EFBC}") = "MySong", "MySong\MySong.csproj", "{F8DDC4F1-AA8A-4160-A41E-DC07C9BDBDA6}"
EndProject
Global
	GlobalSection(SolutionConfigurationPlatforms) = preSolution
		Debug|Any CPU = Debug|Any CPU
		Release|Any CPU = Release|Any CPU
	EndGlobalSection
	GlobalSection(ProjectConfigurationPlatforms) = postSolution
		{F8DDC4F1-AA8A-4160-A41E-DC07C9BDBDA6}.Debug|Any CPU.ActiveCfg = Debug|Any CPU
		{F8DDC4F1-AA8A-4160-A41E-DC07C9BDBDA6}.Debug|Any CPU.Build.0 = Debug|Any CPU
		{F8DDC4F1-AA8A-4160-A41E-DC07C9BDBDA6}.Release|Any CPU.ActiveCfg = Release|Any CPU
		{F8DDC4F1-AA8A-4160-A41E-DC07C9BDBDA6}.Release|Any CPU.Build.0 = Release|Any CPU
	EndGlobalSection
	GlobalSection(SolutionProperties) = preSolution
		HideSolutionNode = FALSE
	EndGlobalSection
	GlobalSection(ExtensibilityGlobals) = postSolution
		SolutionGuid = {F70DF3EF-593A-4399-84D2-1B4D711C5988}
	EndGlobalSection
EndGlobal
